PODS:
  - Expecta (0.3.0)
  - libextobjc/EXTKeyPathCoding (0.4):
    - libextobjc/RuntimeExtensions
  - libextobjc/EXTScope (0.4):
    - libextobjc/RuntimeExtensions
  - libextobjc/EXTSynthesize (0.4):
    - libextobjc/RuntimeExtensions
  - libextobjc/RuntimeExtensions (0.4)
  - Specta (0.2.1)

DEPENDENCIES:
  - Expecta (= 0.3)
  - libextobjc/EXTKeyPathCoding
  - libextobjc/EXTScope (= 0.4)
  - libextobjc/EXTSynthesize
  - Specta (= 0.2.1)

SPEC CHECKSUMS:
  Expecta: 322f1dc42610106a5ba9871b4924cf1635d80833
  libextobjc: 2c9fc8226f0f38e562587f65172f93f0c9b4a47a
  Specta: 2d06220591110c6d9757d8be8ecf8e63aa40dc2a

COCOAPODS: 0.31.1
